
Microsoft Visual Studio Solution File, Format Version 12.00
# Visual Studio 14
VisualStudioVersion = 14.0.25420.1
MinimumVisualStudioVersion = 10.0.40219.1
Project("{2150E333-8FDC-42A3-9474-1A3956D46DE8}") = "STL", "STL", "{4506A241-C2E9-4981-9613-3737F83659BF}"
EndProject
Project("{2150E333-8FDC-42A3-9474-1A3956D46DE8}") = "IMAGE", "IMAGE", "{AAADE151-9C9A-46FC-9966-B9902F22CE23}"
EndProject
Project("{8BC9CEB8-8B4A-11D0-8D11-00A0C91BC942}") = "DSA_List", "project\DSA\DSA_List\DSA_List.vcxproj", "{7EE1B1AC-1EC8-4508-A834-157BDECD2BD5}"
EndProject
Project("{8BC9CEB8-8B4A-11D0-8D11-00A0C91BC942}") = "RUN_TEST", "project\DSA\RUN_TEST\RUN_TEST.vcxproj", "{49043C70-AD2A-4AFD-8B95-25E5C7FA619A}"
EndProject
Global
	GlobalSection(SolutionConfigurationPlatforms) = preSolution
		Debug|x64 = Debug|x64
		Debug|x86 = Debug|x86
		Release|x64 = Release|x64
		Release|x86 = Release|x86
	EndGlobalSection
	GlobalSection(ProjectConfigurationPlatforms) = postSolution
		{7EE1B1AC-1EC8-4508-A834-157BDECD2BD5}.Debug|x64.ActiveCfg = Debug|x64
		{7EE1B1AC-1EC8-4508-A834-157BDECD2BD5}.Debug|x64.Build.0 = Debug|x64
		{7EE1B1AC-1EC8-4508-A834-157BDECD2BD5}.Debug|x86.ActiveCfg = Debug|Win32
		{7EE1B1AC-1EC8-4508-A834-157BDECD2BD5}.Debug|x86.Build.0 = Debug|Win32
		{7EE1B1AC-1EC8-4508-A834-157BDECD2BD5}.Release|x64.ActiveCfg = Release|x64
		{7EE1B1AC-1EC8-4508-A834-157BDECD2BD5}.Release|x64.Build.0 = Release|x64
		{7EE1B1AC-1EC8-4508-A834-157BDECD2BD5}.Release|x86.ActiveCfg = Release|Win32
		{7EE1B1AC-1EC8-4508-A834-157BDECD2BD5}.Release|x86.Build.0 = Release|Win32
		{49043C70-AD2A-4AFD-8B95-25E5C7FA619A}.Debug|x64.ActiveCfg = Debug|x64
		{49043C70-AD2A-4AFD-8B95-25E5C7FA619A}.Debug|x64.Build.0 = Debug|x64
		{49043C70-AD2A-4AFD-8B95-25E5C7FA619A}.Debug|x86.ActiveCfg = Debug|Win32
		{49043C70-AD2A-4AFD-8B95-25E5C7FA619A}.Debug|x86.Build.0 = Debug|Win32
		{49043C70-AD2A-4AFD-8B95-25E5C7FA619A}.Release|x64.ActiveCfg = Release|x64
		{49043C70-AD2A-4AFD-8B95-25E5C7FA619A}.Release|x64.Build.0 = Release|x64
		{49043C70-AD2A-4AFD-8B95-25E5C7FA619A}.Release|x86.ActiveCfg = Release|Win32
		{49043C70-AD2A-4AFD-8B95-25E5C7FA619A}.Release|x86.Build.0 = Release|Win32
	EndGlobalSection
	GlobalSection(SolutionProperties) = preSolution
		HideSolutionNode = FALSE
	EndGlobalSection
	GlobalSection(NestedProjects) = preSolution
		{7EE1B1AC-1EC8-4508-A834-157BDECD2BD5} = {4506A241-C2E9-4981-9613-3737F83659BF}
		{49043C70-AD2A-4AFD-8B95-25E5C7FA619A} = {4506A241-C2E9-4981-9613-3737F83659BF}
	EndGlobalSection
	GlobalSection(DPCodeReviewSolutionGUID) = preSolution
		DPCodeReviewSolutionGUID = {00000000-0000-0000-0000-000000000000}
	EndGlobalSection
EndGlobal
